
Microsoft Visual Studio Solution File, Format Version 12.00
# Visual Studio Version 17
VisualStudioVersion = 17.6.33829.357
MinimumVisualStudioVersion = 10.0.40219.1
Project("{FAE04EC0-301F-11D3-BF4B-00C04F79EFBC}") = "transf_test", "transf_test\transf_test.csproj", "{6AC41A7B-CF90-4E80-BF78-7DD174163238}"
EndProject
Global
	GlobalSection(SolutionConfigurationPlatforms) = preSolution
		Debug|Any CPU = Debug|Any CPU
		Release|Any CPU = Release|Any CPU
	EndGlobalSection
	GlobalSection(ProjectConfigurationPlatforms) = postSolution
		{6AC41A7B-CF90-4E80-BF78-7DD174163238}.Debug|Any CPU.ActiveCfg = Debug|Any CPU
		{6AC41A7B-CF90-4E80-BF78-7DD174163238}.Debug|Any CPU.Build.0 = Debug|Any CPU
		{6AC41A7B-CF90-4E80-BF78-7DD174163238}.Release|Any CPU.ActiveCfg = Release|Any CPU
		{6AC41A7B-CF90-4E80-BF78-7DD174163238}.Release|Any CPU.Build.0 = Release|Any CPU
	EndGlobalSection
	GlobalSection(SolutionProperties) = preSolution
		HideSolutionNode = FALSE
	EndGlobalSection
	GlobalSection(ExtensibilityGlobals) = postSolution
		SolutionGuid = {0E8A915A-C118-497A-B789-D76D1837E42A}
	EndGlobalSection
EndGlobal
